
Microsoft Visual Studio Solution File, Format Version 10.00
# Visual C++ Express 2008
Project("{8BC9CEB8-8B4A-11D0-8D11-00A0C91BC942}") = "0tonusingrecursive", "0tonusingrecursive\0tonusingrecursive.vcproj", "{C6844AF0-A1C5-451D-9FD0-0C6B6660C1B7}"
EndProject
Global
	GlobalSection(SolutionConfigurationPlatforms) = preSolution
		Debug|Win32 = Debug|Win32
		Release|Win32 = Release|Win32
	EndGlobalSection
	GlobalSection(ProjectConfigurationPlatforms) = postSolution
		{C6844AF0-A1C5-451D-9FD0-0C6B6660C1B7}.Debug|Win32.ActiveCfg = Debug|Win32
		{C6844AF0-A1C5-451D-9FD0-0C6B6660C1B7}.Debug|Win32.Build.0 = Debug|Win32
		{C6844AF0-A1C5-451D-9FD0-0C6B6660C1B7}.Release|Win32.ActiveCfg = Release|Win32
		{C6844AF0-A1C5-451D-9FD0-0C6B6660C1B7}.Release|Win32.Build.0 = Release|Win32
	EndGlobalSection
	GlobalSection(SolutionProperties) = preSolution
		HideSolutionNode = FALSE
	EndGlobalSection
EndGlobal
